
Microsoft Visual Studio Solution File, Format Version 12.00
# Visual Studio Version 17
VisualStudioVersion = 17.2.32630.192
MinimumVisualStudioVersion = 10.0.40219.1
Project("{FAE04EC0-301F-11D3-BF4B-00C04F79EFBC}") = "pjrFormula_1", "pjrFormula_1\pjrFormula_1.csproj", "{269728A1-EC1B-4049-A422-CDFEAFCF174C}"
EndProject
Global
	GlobalSection(SolutionConfigurationPlatforms) = preSolution
		Debug|Any CPU = Debug|Any CPU
		Release|Any CPU = Release|Any CPU
	EndGlobalSection
	GlobalSection(ProjectConfigurationPlatforms) = postSolution
		{269728A1-EC1B-4049-A422-CDFEAFCF174C}.Debug|Any CPU.ActiveCfg = Debug|Any CPU
		{269728A1-EC1B-4049-A422-CDFEAFCF174C}.Debug|Any CPU.Build.0 = Debug|Any CPU
		{269728A1-EC1B-4049-A422-CDFEAFCF174C}.Release|Any CPU.ActiveCfg = Release|Any CPU
		{269728A1-EC1B-4049-A422-CDFEAFCF174C}.Release|Any CPU.Build.0 = Release|Any CPU
	EndGlobalSection
	GlobalSection(SolutionProperties) = preSolution
		HideSolutionNode = FALSE
	EndGlobalSection
	GlobalSection(ExtensibilityGlobals) = postSolution
		SolutionGuid = {B39E0531-BB3C-4830-BB61-C17609D15653}
	EndGlobalSection
EndGlobal
